// !$*UTF8*$!
{
	archiveVersion = 1;
	classes = {
	};
	objectVersion = 50;
	objects = {

/* Begin PBXBuildFile section */
		A6408D5120B66E3700CD4C55 /* AppDelegate.m in Sources */ = {isa = PBXBuildFile; fileRef = A6408D5020B66E3700CD4C55 /* AppDelegate.m */; };
		A6408D5420B66E3700CD4C55 /* ViewController.m in Sources */ = {isa = PBXBuildFile; fileRef = A6408D5320B66E3700CD4C55 /* ViewController.m */; };
		A6408D5720B66E3700CD4C55 /* Main.storyboard in Resources */ = {isa = PBXBuildFile; fileRef = A6408D5520B66E3700CD4C55 /* Main.storyboard */; };
		A6408D5920B66E3800CD4C55 /* Assets.xcassets in Resources */ = {isa = PBXBuildFile; fileRef = A6408D5820B66E3800CD4C55 /* Assets.xcassets */; };
		A6408D5C20B66E3800CD4C55 /* LaunchScreen.storyboard in Resources */ = {isa = PBXBuildFile; fileRef = A6408D5A20B66E3800CD4C55 /* LaunchScreen.storyboard */; };
		A6408D5F20B66E3800CD4C55 /* main.m in Sources */ = {isa = PBXBuildFile; fileRef = A6408D5E20B66E3800CD4C55 /* main.m */; };
		A6408D6920B66E3800CD4C55 /* E_SUNFLYTests.m in Sources */ = {isa = PBXBuildFile; fileRef = A6408D6820B66E3800CD4C55 /* E_SUNFLYTests.m */; };
		A6408D7420B66E3800CD4C55 /* E_SUNFLYUITests.m in Sources */ = {isa = PBXBuildFile; fileRef = A6408D7320B66E3800CD4C55 /* E_SUNFLYUITests.m */; };
/* End PBXBuildFile section */

/* Begin PBXContainerItemProxy section */
		A6408D6520B66E3800CD4C55 /* PBXContainerItemProxy */ = {
			isa = PBXContainerItemProxy;
			containerPortal = A6408D4420B66E3700CD4C55 /* Project object */;
			proxyType = 1;
			remoteGlobalIDString = A6408D4B20B66E3700CD4C55;
			remoteInfo = E_SUNFLY;
		};
		A6408D7020B66E3800CD4C55 /* PBXContainerItemProxy */ = {
			isa = PBXContainerItemProxy;
			containerPortal = A6408D4420B66E3700CD4C55 /* Project object */;
			proxyType = 1;
			remoteGlobalIDString = A6408D4B20B66E3700CD4C55;
			remoteInfo = E_SUNFLY;
		};
/* End PBXContainerItemProxy section */

/* Begin PBXFileReference section */
		A6408D4C20B66E3700CD4C55 /* E_SUNFLY.app */ = {isa = PBXFileReference; explicitFileType = wrapper.application; includeInIndex = 0; path = E_SUNFLY.app; sourceTree = BUILT_PRODUCTS_DIR; };
		A6408D4F20B66E3700CD4C55 /* AppDelegate.h */ = {isa = PBXFileReference; lastKnownFileType = sourcecode.c.h; path = AppDelegate.h; sourceTree = "<group>"; };
		A6408D5020B66E3700CD4C55 /* AppDelegate.m */ = {isa = PBXFileReference; lastKnownFileType = sourcecode.c.objc; path = AppDelegate.m; sourceTree = "<group>"; };
		A6408D5220B66E3700CD4C55 /* ViewController.h */ = {isa = PBXFileReference; lastKnownFileType = sourcecode.c.h; path = ViewController.h; sourceTree = "<group>"; };
		A6408D5320B66E3700CD4C55 /* ViewController.m */ = {isa = PBXFileReference; lastKnownFileType = sourcecode.c.objc; path = ViewController.m; sourceTree = "<group>"; };
		A6408D5620B66E3700CD4C55 /* Base */ = {isa = PBXFileReference; lastKnownFileType = file.storyboard; name = Base; path = Base.lproj/Main.storyboard; sourceTree = "<group>"; };
		A6408D5820B66E3800CD4C55 /* Assets.xcassets */ = {isa = PBXFileReference; lastKnownFileType = folder.assetcatalog; path = Assets.xcassets; sourceTree = "<group>"; };
		A6408D5B20B66E3800CD4C55 /* Base */ = {isa = PBXFileReference; lastKnownFileType = file.storyboard; name = Base; path = Base.lproj/LaunchScreen.storyboard; sourceTree = "<group>"; };
		A6408D5D20B66E3800CD4C55 /* Info.plist */ = {isa = PBXFileReference; lastKnownFileType = text.plist.xml; path = Info.plist; sourceTree = "<group>"; };
		A6408D5E20B66E3800CD4C55 /* main.m */ = {isa = PBXFileReference; lastKnownFileType = sourcecode.c.objc; path = main.m; sourceTree = "<group>"; };
		A6408D6420B66E3800CD4C55 /* E_SUNFLYTests.xctest */ = {isa = PBXFileReference; explicitFileType = wrapper.cfbundle; includeInIndex = 0; path = E_SUNFLYTests.xctest; sourceTree = BUILT_PRODUCTS_DIR; };
		A6408D6820B66E3800CD4C55 /* E_SUNFLYTests.m */ = {isa = PBXFileReference; lastKnownFileType = sourcecode.c.objc; path = E_SUNFLYTests.m; sourceTree = "<group>"; };
		A6408D6A20B66E3800CD4C55 /* Info.plist */ = {isa = PBXFileReference; lastKnownFileType = text.plist.xml; path = Info.plist; sourceTree = "<group>"; };
		A6408D6F20B66E3800CD4C55 /* E_SUNFLYUITests.xctest */ = {isa = PBXFileReference; explicitFileType = wrapper.cfbundle; includeInIndex = 0; path = E_SUNFLYUITests.xctest; sourceTree = BUILT_PRODUCTS_DIR; };
		A6408D7320B66E3800CD4C55 /* E_SUNFLYUITests.m */ = {isa = PBXFileReference; lastKnownFileType = sourcecode.c.objc; path = E_SUNFLYUITests.m; sourceTree = "<group>"; };
		A6408D7520B66E3800CD4C55 /* Info.plist */ = {isa = PBXFileReference; lastKnownFileType = text.plist.xml; path = Info.plist; sourceTree = "<group>"; };
/* End PBXFileReference section */

/* Begin PBXFrameworksBuildPhase section */
		A6408D4920B66E3700CD4C55 /* Frameworks */ = {
			isa = PBXFrameworksBuildPhase;
			buildActionMask = 2147483647;
			files = (
			);
			runOnlyForDeploymentPostprocessing = 0;
		};
		A6408D6120B66E3800CD4C55 /* Frameworks */ = {
			isa = PBXFrameworksBuildPhase;
			buildActionMask = 2147483647;
			files = (
			);
			runOnlyForDeploymentPostprocessing = 0;
		};
		A6408D6C20B66E3800CD4C55 /* Frameworks */ = {
			isa = PBXFrameworksBuildPhase;
			buildActionMask = 2147483647;
			files = (
			);
			runOnlyForDeploymentPostprocessing = 0;
		};
/* End PBXFrameworksBuildPhase section */

/* Begin PBXGroup section */
		A6408D4320B66E3700CD4C55 = {
			isa = PBXGroup;
			children = (
				A6408D4E20B66E3700CD4C55 /* E_SUNFLY */,
				A6408D6720B66E3800CD4C55 /* E_SUNFLYTests */,
				A6408D7220B66E3800CD4C55 /* E_SUNFLYUITests */,
				A6408D4D20B66E3700CD4C55 /* Products */,
			);
			sourceTree = "<group>";
		};
		A6408D4D20B66E3700CD4C55 /* Products */ = {
			isa = PBXGroup;
			children = (
				A6408D4C20B66E3700CD4C55 /* E_SUNFLY.app */,
				A6408D6420B66E3800CD4C55 /* E_SUNFLYTests.xctest */,
				A6408D6F20B66E3800CD4C55 /* E_SUNFLYUITests.xctest */,
			);
			name = Products;
			sourceTree = "<group>";
		};
		A6408D4E20B66E3700CD4C55 /* E_SUNFLY */ = {
			isa = PBXGroup;
			children = (
				A6408D4F20B66E3700CD4C55 /* AppDelegate.h */,
				A6408D5020B66E3700CD4C55 /* AppDelegate.m */,
				A6408D5220B66E3700CD4C55 /* ViewController.h */,
				A6408D5320B66E3700CD4C55 /* ViewController.m */,
				A6408D5520B66E3700CD4C55 /* Main.storyboard */,
				A6408D5820B66E3800CD4C55 /* Assets.xcassets */,
				A6408D5A20B66E3800CD4C55 /* LaunchScreen.storyboard */,
				A6408D5D20B66E3800CD4C55 /* Info.plist */,
				A6408D5E20B66E3800CD4C55 /* main.m */,
			);
			path = E_SUNFLY;
			sourceTree = "<group>";
		};
		A6408D6720B66E3800CD4C55 /* E_SUNFLYTests */ = {
			isa = PBXGroup;
			children = (
				A6408D6820B66E3800CD4C55 /* E_SUNFLYTests.m */,
				A6408D6A20B66E3800CD4C55 /* Info.plist */,
			);
			path = E_SUNFLYTests;
			sourceTree = "<group>";
		};
		A6408D7220B66E3800CD4C55 /* E_SUNFLYUITests */ = {
			isa = PBXGroup;
			children = (
				A6408D7320B66E3800CD4C55 /* E_SUNFLYUITests.m */,
				A6408D7520B66E3800CD4C55 /* Info.plist */,
			);
			path = E_SUNFLYUITests;
			sourceTree = "<group>";
		};
/* End PBXGroup section */

/* Begin PBXNativeTarget section */
		A6408D4B20B66E3700CD4C55 /* E_SUNFLY */ = {
			isa = PBXNativeTarget;
			buildConfigurationList = A6408D7820B66E3800CD4C55 /* Build configuration list for PBXNativeTarget "E_SUNFLY" */;
			buildPhases = (
				A6408D4820B66E3700CD4C55 /* Sources */,
				A6408D4920B66E3700CD4C55 /* Frameworks */,
				A6408D4A20B66E3700CD4C55 /* Resources */,
			);
			buildRules = (
			);
			dependencies = (
			);
			name = E_SUNFLY;
			productName = E_SUNFLY;
			productReference = A6408D4C20B66E3700CD4C55 /* E_SUNFLY.app */;
			productType = "com.apple.product-type.application";
		};
		A6408D6320B66E3800CD4C55 /* E_SUNFLYTests */ = {
			isa = PBXNativeTarget;
			buildConfigurationList = A6408D7B20B66E3800CD4C55 /* Build configuration list for PBXNativeTarget "E_SUNFLYTests" */;
			buildPhases = (
				A6408D6020B66E3800CD4C55 /* Sources */,
				A6408D6120B66E3800CD4C55 /* Frameworks */,
				A6408D6220B66E3800CD4C55 /* Resources */,
			);
			buildRules = (
			);
			dependencies = (
				A6408D6620B66E3800CD4C55 /* PBXTargetDependency */,
			);
			name = E_SUNFLYTests;
			productName = E_SUNFLYTests;
			productReference = A6408D6420B66E3800CD4C55 /* E_SUNFLYTests.xctest */;
			productType = "com.apple.product-type.bundle.unit-test";
		};
		A6408D6E20B66E3800CD4C55 /* E_SUNFLYUITests */ = {
			isa = PBXNativeTarget;
			buildConfigurationList = A6408D7E20B66E3800CD4C55 /* Build configuration list for PBXNativeTarget "E_SUNFLYUITests" */;
			buildPhases = (
				A6408D6B20B66E3800CD4C55 /* Sources */,
				A6408D6C20B66E3800CD4C55 /* Frameworks */,
				A6408D6D20B66E3800CD4C55 /* Resources */,
			);
			buildRules = (
			);
			dependencies = (
				A6408D7120B66E3800CD4C55 /* PBXTargetDependency */,
			);
			name = E_SUNFLYUITests;
			productName = E_SUNFLYUITests;
			productReference = A6408D6F20B66E3800CD4C55 /* E_SUNFLYUITests.xctest */;
			productType = "com.apple.product-type.bundle.ui-testing";
		};
/* End PBXNativeTarget section */

/* Begin PBXProject section */
		A6408D4420B66E3700CD4C55 /* Project object */ = {
			isa = PBXProject;
			attributes = {
				LastUpgradeCheck = 0930;
				ORGANIZATIONNAME = sunfly;
				TargetAttributes = {
					A6408D4B20B66E3700CD4C55 = {
						CreatedOnToolsVersion = 9.3;
					};
					A6408D6320B66E3800CD4C55 = {
						CreatedOnToolsVersion = 9.3;
						TestTargetID = A6408D4B20B66E3700CD4C55;
					};
					A6408D6E20B66E3800CD4C55 = {
						CreatedOnToolsVersion = 9.3;
						TestTargetID = A6408D4B20B66E3700CD4C55;
					};
				};
			};
			buildConfigurationList = A6408D4720B66E3700CD4C55 /* Build configuration list for PBXProject "E_SUNFLY" */;
			compatibilityVersion = "Xcode 9.3";
			developmentRegion = en;
			hasScannedForEncodings = 0;
			knownRegions = (
				en,
				Base,
			);
			mainGroup = A6408D4320B66E3700CD4C55;
			productRefGroup = A6408D4D20B66E3700CD4C55 /* Products */;
			projectDirPath = "";
			projectRoot = "";
			targets = (
				A6408D4B20B66E3700CD4C55 /* E_SUNFLY */,
				A6408D6320B66E3800CD4C55 /* E_SUNFLYTests */,
				A6408D6E20B66E3800CD4C55 /* E_SUNFLYUITests */,
			);
		};
/* End PBXProject section */

/* Begin PBXResourcesBuildPhase section */
		A6408D4A20B66E3700CD4C55 /* Resources */ = {
			isa = PBXResourcesBuildPhase;
			buildActionMask = 2147483647;
			files = (
				A6408D5C20B66E3800CD4C55 /* LaunchScreen.storyboard in Resources */,
				A6408D5920B66E3800CD4C55 /* Assets.xcassets in Resources */,
				A6408D5720B66E3700CD4C55 /* Main.storyboard in Resources */,
			);
			runOnlyForDeploymentPostprocessing = 0;
		};
		A6408D6220B66E3800CD4C55 /* Resources */ = {
			isa = PBXResourcesBuildPhase;
			buildActionMask = 2147483647;
			files = (
			);
			runOnlyForDeploymentPostprocessing = 0;
		};
		A6408D6D20B66E3800CD4C55 /* Resources */ = {
			isa = PBXResourcesBuildPhase;
			buildActionMask = 2147483647;
			files = (
			);
			runOnlyForDeploymentPostprocessing = 0;
		};
/* End PBXResourcesBuildPhase section */

/* Begin PBXSourcesBuildPhase section */
		A6408D4820B66E3700CD4C55 /* Sources */ = {
			isa = PBXSourcesBuildPhase;
			buildActionMask = 2147483647;
			files = (
				A6408D5420B66E3700CD4C55 /* ViewController.m in Sources */,
				A6408D5F20B66E3800CD4C55 /* main.m in Sources */,
				A6408D5120B66E3700CD4C55 /* AppDelegate.m in Sources */,
			);
			runOnlyForDeploymentPostprocessing = 0;
		};
		A6408D6020B66E3800CD4C55 /* Sources */ = {
			isa = PBXSourcesBuildPhase;
			buildActionMask = 2147483647;
			files = (
				A6408D6920B66E3800CD4C55 /* E_SUNFLYTests.m in Sources */,
			);
			runOnlyForDeploymentPostprocessing = 0;
		};
		A6408D6B20B66E3800CD4C55 /* Sources */ = {
			isa = PBXSourcesBuildPhase;
			buildActionMask = 2147483647;
			files = (
				A6408D7420B66E3800CD4C55 /* E_SUNFLYUITests.m in Sources */,
			);
			runOnlyForDeploymentPostprocessing = 0;
		};
/* End PBXSourcesBuildPhase section */

/* Begin PBXTargetDependency section */
		A6408D6620B66E3800CD4C55 /* PBXTargetDependency */ = {
			isa = PBXTargetDependency;
			target = A6408D4B20B66E3700CD4C55 /* E_SUNFLY */;
			targetProxy = A6408D6520B66E3800CD4C55 /* PBXContainerItemProxy */;
		};
		A6408D7120B66E3800CD4C55 /* PBXTargetDependency */ = {
			isa = PBXTargetDependency;
			target = A6408D4B20B66E3700CD4C55 /* E_SUNFLY */;
			targetProxy = A6408D7020B66E3800CD4C55 /* PBXContainerItemProxy */;
		};
/* End PBXTargetDependency section */

/* Begin PBXVariantGroup section */
		A6408D5520B66E3700CD4C55 /* Main.storyboard */ = {
			isa = PBXVariantGroup;
			children = (
				A6408D5620B66E3700CD4C55 /* Base */,
			);
			name = Main.storyboard;
			sourceTree = "<group>";
		};
		A6408D5A20B66E3800CD4C55 /* LaunchScreen.storyboard */ = {
			isa = PBXVariantGroup;
			children = (
				A6408D5B20B66E3800CD4C55 /* Base */,
			);
			name = LaunchScreen.storyboard;
			sourceTree = "<group>";
		};
/* End PBXVariantGroup section */

/* Begin XCBuildConfiguration section */
		A6408D7620B66E3800CD4C55 /* Debug */ = {
			isa = XCBuildConfiguration;
			buildSettings = {
				ALWAYS_SEARCH_USER_PATHS = NO;
				CLANG_ANALYZER_NONNULL = YES;
				CLANG_ANALYZER_NUMBER_OBJECT_CONVERSION = YES_AGGRESSIVE;
				CLANG_CXX_LANGUAGE_STANDARD = "gnu++14";
				CLANG_CXX_LIBRARY = "libc++";
				CLANG_ENABLE_MODULES = YES;
				CLANG_ENABLE_OBJC_ARC = YES;
				CLANG_ENABLE_OBJC_WEAK = YES;
				CLANG_WARN_BLOCK_CAPTURE_AUTORELEASING = YES;
				CLANG_WARN_BOOL_CONVERSION = YES;
				CLANG_WARN_COMMA = YES;
				CLANG_WARN_CONSTANT_CONVERSION = YES;
				CLANG_WARN_DEPRECATED_OBJC_IMPLEMENTATIONS = YES;
				CLANG_WARN_DIRECT_OBJC_ISA_USAGE = YES_ERROR;
				CLANG_WARN_DOCUMENTATION_COMMENTS = YES;
				CLANG_WARN_EMPTY_BODY = YES;
				CLANG_WARN_ENUM_CONVERSION = YES;
				CLANG_WARN_INFINITE_RECURSION = YES;
				CLANG_WARN_INT_CONVERSION = YES;
				CLANG_WARN_NON_LITERAL_NULL_CONVERSION = YES;
				CLANG_WARN_OBJC_IMPLICIT_RETAIN_SELF = YES;
				CLANG_WARN_OBJC_LITERAL_CONVERSION = YES;
				CLANG_WARN_OBJC_ROOT_CLASS = YES_ERROR;
				CLANG_WARN_RANGE_LOOP_ANALYSIS = YES;
				CLANG_WARN_STRICT_PROTOTYPES = YES;
				CLANG_WARN_SUSPICIOUS_MOVE = YES;
				CLANG_WARN_UNGUARDED_AVAILABILITY = YES_AGGRESSIVE;
				CLANG_WARN_UNREACHABLE_CODE = YES;
				CLANG_WARN__DUPLICATE_METHOD_MATCH = YES;
				CODE_SIGN_IDENTITY = "iPhone Developer";
				COPY_PHASE_STRIP = NO;
				DEBUG_INFORMATION_FORMAT = dwarf;
				ENABLE_STRICT_OBJC_MSGSEND = YES;
				ENABLE_TESTABILITY = YES;
				GCC_C_LANGUAGE_STANDARD = gnu11;
				GCC_DYNAMIC_NO_PIC = NO;
				GCC_NO_COMMON_BLOCKS = YES;
				GCC_OPTIMIZATION_LEVEL = 0;
				GCC_PREPROCESSOR_DEFINITIONS = (
					"DEBUG=1",
					"$(inherited)",
				);
				GCC_WARN_64_TO_32_BIT_CONVERSION = YES;
				GCC_WARN_ABOUT_RETURN_TYPE = YES_ERROR;
				GCC_WARN_UNDECLARED_SELECTOR = YES;
				GCC_WARN_UNINITIALIZED_AUTOS = YES_AGGRESSIVE;
				GCC_WARN_UNUSED_FUNCTION = YES;
				GCC_WARN_UNUSED_VARIABLE = YES;
				IPHONEOS_DEPLOYMENT_TARGET = 11.3;
				MTL_ENABLE_DEBUG_INFO = YES;
				ONLY_ACTIVE_ARCH = YES;
				SDKROOT = iphoneos;
			};
			name = Debug;
		};
		A6408D7720B66E3800CD4C55 /* Release */ = {
			isa = XCBuildConfiguration;
			buildSettings = {
				ALWAYS_SEARCH_USER_PATHS = NO;
				CLANG_ANALYZER_NONNULL = YES;
				CLANG_ANALYZER_NUMBER_OBJECT_CONVERSION = YES_AGGRESSIVE;
				CLANG_CXX_LANGUAGE_STANDARD = "gnu++14";
				CLANG_CXX_LIBRARY = "libc++";
				CLANG_ENABLE_MODULES = YES;
				CLANG_ENABLE_OBJC_ARC = YES;
				CLANG_ENABLE_OBJC_WEAK = YES;
				CLANG_WARN_BLOCK_CAPTURE_AUTORELEASING = YES;
				CLANG_WARN_BOOL_CONVERSION = YES;
				CLANG_WARN_COMMA = YES;
				CLANG_WARN_CONSTANT_CONVERSION = YES;
				CLANG_WARN_DEPRECATED_OBJC_IMPLEMENTATIONS = YES;
				CLANG_WARN_DIRECT_OBJC_ISA_USAGE = YES_ERROR;
				CLANG_WARN_DOCUMENTATION_COMMENTS = YES;
				CLANG_WARN_EMPTY_BODY = YES;
				CLANG_WARN_ENUM_CONVERSION = YES;
				CLANG_WARN_INFINITE_RECURSION = YES;
				CLANG_WARN_INT_CONVERSION = YES;
				CLANG_WARN_NON_LITERAL_NULL_CONVERSION = YES;
				CLANG_WARN_OBJC_IMPLICIT_RETAIN_SELF = YES;
				CLANG_WARN_OBJC_LITERAL_CONVERSION = YES;
				CLANG_WARN_OBJC_ROOT_CLASS = YES_ERROR;
				CLANG_WARN_RANGE_LOOP_ANALYSIS = YES;
				CLANG_WARN_STRICT_PROTOTYPES = YES;
				CLANG_WARN_SUSPICIOUS_MOVE = YES;
				CLANG_WARN_UNGUARDED_AVAILABILITY = YES_AGGRESSIVE;
				CLANG_WARN_UNREACHABLE_CODE = YES;
				CLANG_WARN__DUPLICATE_METHOD_MATCH = YES;
				CODE_SIGN_IDENTITY = "iPhone Developer";
				COPY_PHASE_STRIP = NO;
				DEBUG_INFORMATION_FORMAT = "dwarf-with-dsym";
				ENABLE_NS_ASSERTIONS = NO;
				ENABLE_STRICT_OBJC_MSGSEND = YES;
				GCC_C_LANGUAGE_STANDARD = gnu11;
				GCC_NO_COMMON_BLOCKS = YES;
				GCC_WARN_64_TO_32_BIT_CONVERSION = YES;
				GCC_WARN_ABOUT_RETURN_TYPE = YES_ERROR;
				GCC_WARN_UNDECLARED_SELECTOR = YES;
				GCC_WARN_UNINITIALIZED_AUTOS = YES_AGGRESSIVE;
				GCC_WARN_UNUSED_FUNCTION = YES;
				GCC_WARN_UNUSED_VARIABLE = YES;
				IPHONEOS_DEPLOYMENT_TARGET = 11.3;
				MTL_ENABLE_DEBUG_INFO = NO;
				SDKROOT = iphoneos;
				VALIDATE_PRODUCT = YES;
			};
			name = Release;
		};
		A6408D7920B66E3800CD4C55 /* Debug */ = {
			isa = XCBuildConfiguration;
			buildSettings = {
				ASSETCATALOG_COMPILER_APPICON_NAME = AppIcon;
				CODE_SIGN_STYLE = Automatic;
				DEVELOPMENT_TEAM = CT4F3275NM;
				INFOPLIST_FILE = E_SUNFLY/Info.plist;
				LD_RUNPATH_SEARCH_PATHS = (
					"$(inherited)",
					"@executable_path/Frameworks",
				);
				PRODUCT_BUNDLE_IDENTIFIER = "sh.E-SUNFLY";
				PRODUCT_NAME = "$(TARGET_NAME)";
				TARGETED_DEVICE_FAMILY = "1,2";
			};
			name = Debug;
		};
		A6408D7A20B66E3800CD4C55 /* Release */ = {
			isa = XCBuildConfiguration;
			buildSettings = {
				ASSETCATALOG_COMPILER_APPICON_NAME = AppIcon;
				CODE_SIGN_STYLE = Automatic;
				DEVELOPMENT_TEAM = CT4F3275NM;
				INFOPLIST_FILE = E_SUNFLY/Info.plist;
				LD_RUNPATH_SEARCH_PATHS = (
					"$(inherited)",
					"@executable_path/Frameworks",
				);
				PRODUCT_BUNDLE_IDENTIFIER = "sh.E-SUNFLY";
				PRODUCT_NAME = "$(TARGET_NAME)";
				TARGETED_DEVICE_FAMILY = "1,2";
			};
			name = Release;
		};
		A6408D7C20B66E3800CD4C55 /* Debug */ = {
			isa = XCBuildConfiguration;
			buildSettings = {
				BUNDLE_LOADER = "$(TEST_HOST)";
				CODE_SIGN_STYLE = Automatic;
				DEVELOPMENT_TEAM = CT4F3275NM;
				INFOPLIST_FILE = E_SUNFLYTests/Info.plist;
				LD_RUNPATH_SEARCH_PATHS = (
					"$(inherited)",
					"@executable_path/Frameworks",
					"@loader_path/Frameworks",
				);
				PRODUCT_BUNDLE_IDENTIFIER = "sh.E-SUNFLYTests";
				PRODUCT_NAME = "$(TARGET_NAME)";
				TARGETED_DEVICE_FAMILY = "1,2";
				TEST_HOST = "$(BUILT_PRODUCTS_DIR)/E_SUNFLY.app/E_SUNFLY";
			};
			name = Debug;
		};
		A6408D7D20B66E3800CD4C55 /* Release */ = {
			isa = XCBuildConfiguration;
			buildSettings = {
				BUNDLE_LOADER = "$(TEST_HOST)";
				CODE_SIGN_STYLE = Automatic;
				DEVELOPMENT_TEAM = CT4F3275NM;
				INFOPLIST_FILE = E_SUNFLYTests/Info.plist;
				LD_RUNPATH_SEARCH_PATHS = (
					"$(inherited)",
					"@executable_path/Frameworks",
					"@loader_path/Frameworks",
				);
				PRODUCT_BUNDLE_IDENTIFIER = "sh.E-SUNFLYTests";
				PRODUCT_NAME = "$(TARGET_NAME)";
				TARGETED_DEVICE_FAMILY = "1,2";
				TEST_HOST = "$(BUILT_PRODUCTS_DIR)/E_SUNFLY.app/E_SUNFLY";
			};
			name = Release;
		};
		A6408D7F20B66E3800CD4C55 /* Debug */ = {
			isa = XCBuildConfiguration;
			buildSettings = {
				CODE_SIGN_STYLE = Automatic;
				DEVELOPMENT_TEAM = CT4F3275NM;
				INFOPLIST_FILE = E_SUNFLYUITests/Info.plist;
				LD_RUNPATH_SEARCH_PATHS = (
					"$(inherited)",
					"@executable_path/Frameworks",
					"@loader_path/Frameworks",
				);
				PRODUCT_BUNDLE_IDENTIFIER = "sh.E-SUNFLYUITests";
				PRODUCT_NAME = "$(TARGET_NAME)";
				TARGETED_DEVICE_FAMILY = "1,2";
				TEST_TARGET_NAME = E_SUNFLY;
			};
			name = Debug;
		};
		A6408D8020B66E3800CD4C55 /* Release */ = {
			isa = XCBuildConfiguration;
			buildSettings = {
				CODE_SIGN_STYLE = Automatic;
				DEVELOPMENT_TEAM = CT4F3275NM;
				INFOPLIST_FILE = E_SUNFLYUITests/Info.plist;
				LD_RUNPATH_SEARCH_PATHS = (
					"$(inherited)",
					"@executable_path/Frameworks",
					"@loader_path/Frameworks",
				);
				PRODUCT_BUNDLE_IDENTIFIER = "sh.E-SUNFLYUITests";
				PRODUCT_NAME = "$(TARGET_NAME)";
				TARGETED_DEVICE_FAMILY = "1,2";
				TEST_TARGET_NAME = E_SUNFLY;
			};
			name = Release;
		};
/* End XCBuildConfiguration section */

/* Begin XCConfigurationList section */
		A6408D4720B66E3700CD4C55 /* Build configuration list for PBXProject "E_SUNFLY" */ = {
			isa = XCConfigurationList;
			buildConfigurations = (
				A6408D7620B66E3800CD4C55 /* Debug */,
				A6408D7720B66E3800CD4C55 /* Release */,
			);
			defaultConfigurationIsVisible = 0;
			defaultConfigurationName = Release;
		};
		A6408D7820B66E3800CD4C55 /* Build configuration list for PBXNativeTarget "E_SUNFLY" */ = {
			isa = XCConfigurationList;
			buildConfigurations = (
				A6408D7920B66E3800CD4C55 /* Debug */,
				A6408D7A20B66E3800CD4C55 /* Release */,
			);
			defaultConfigurationIsVisible = 0;
			defaultConfigurationName = Release;
		};
		A6408D7B20B66E3800CD4C55 /* Build configuration list for PBXNativeTarget "E_SUNFLYTests" */ = {
			isa = XCConfigurationList;
			buildConfigurations = (
				A6408D7C20B66E3800CD4C55 /* Debug */,
				A6408D7D20B66E3800CD4C55 /* Release */,
			);
			defaultConfigurationIsVisible = 0;
			defaultConfigurationName = Release;
		};
		A6408D7E20B66E3800CD4C55 /* Build configuration list for PBXNativeTarget "E_SUNFLYUITests" */ = {
			isa = XCConfigurationList;
			buildConfigurations = (
				A6408D7F20B66E3800CD4C55 /* Debug */,
				A6408D8020B66E3800CD4C55 /* Release */,
			);
			defaultConfigurationIsVisible = 0;
			defaultConfigurationName = Release;
		};
/* End XCConfigurationList section */
	};
	rootObject = A6408D4420B66E3700CD4C55 /* Project object */;
}
